
Microsoft Visual Studio Solution File, Format Version 12.00
# Visual Studio Version 17
VisualStudioVersion = 17.2.32630.192
MinimumVisualStudioVersion = 10.0.40219.1
Project("{9A19103F-16F7-4668-BE54-9A1E7A4F7556}") = "MCGateway", "MCGateway\MCGateway.csproj", "{6A45F44F-4AD3-4D50-80EC-355405737AE3}"
EndProject
Project("{9A19103F-16F7-4668-BE54-9A1E7A4F7556}") = "MCGateway.Protocol.V759", "MCGateway.Protocol.V759\MCGateway.Protocol.V759.csproj", "{E316D321-9200-445C-8C00-09C8C3B7667C}"
EndProject
Project("{9A19103F-16F7-4668-BE54-9A1E7A4F7556}") = "TestGateway1", "TestGateway1\TestGateway1.csproj", "{B630694D-1D72-481B-866C-7BD7D6E0CAB0}"
EndProject
Project("{E53339B2-1760-4266-BCC7-CA923CBCF16C}") = "GatewayTestService", "GatewayTestService.dcproj", "{C73D3CD9-46DE-479D-A1D7-B58E6CA03C2F}"
EndProject
Global
	GlobalSection(SolutionConfigurationPlatforms) = preSolution
		Debug|Any CPU = Debug|Any CPU
		Release|Any CPU = Release|Any CPU
	EndGlobalSection
	GlobalSection(ProjectConfigurationPlatforms) = postSolution
		{6A45F44F-4AD3-4D50-80EC-355405737AE3}.Debug|Any CPU.ActiveCfg = Debug|Any CPU
		{6A45F44F-4AD3-4D50-80EC-355405737AE3}.Debug|Any CPU.Build.0 = Debug|Any CPU
		{6A45F44F-4AD3-4D50-80EC-355405737AE3}.Release|Any CPU.ActiveCfg = Release|Any CPU
		{6A45F44F-4AD3-4D50-80EC-355405737AE3}.Release|Any CPU.Build.0 = Release|Any CPU
		{E316D321-9200-445C-8C00-09C8C3B7667C}.Debug|Any CPU.ActiveCfg = Debug|Any CPU
		{E316D321-9200-445C-8C00-09C8C3B7667C}.Debug|Any CPU.Build.0 = Debug|Any CPU
		{E316D321-9200-445C-8C00-09C8C3B7667C}.Release|Any CPU.ActiveCfg = Release|Any CPU
		{E316D321-9200-445C-8C00-09C8C3B7667C}.Release|Any CPU.Build.0 = Release|Any CPU
		{B630694D-1D72-481B-866C-7BD7D6E0CAB0}.Debug|Any CPU.ActiveCfg = Debug|Any CPU
		{B630694D-1D72-481B-866C-7BD7D6E0CAB0}.Debug|Any CPU.Build.0 = Debug|Any CPU
		{B630694D-1D72-481B-866C-7BD7D6E0CAB0}.Release|Any CPU.ActiveCfg = Release|Any CPU
		{B630694D-1D72-481B-866C-7BD7D6E0CAB0}.Release|Any CPU.Build.0 = Release|Any CPU
		{C73D3CD9-46DE-479D-A1D7-B58E6CA03C2F}.Debug|Any CPU.ActiveCfg = Debug|Any CPU
		{C73D3CD9-46DE-479D-A1D7-B58E6CA03C2F}.Debug|Any CPU.Build.0 = Debug|Any CPU
		{C73D3CD9-46DE-479D-A1D7-B58E6CA03C2F}.Release|Any CPU.ActiveCfg = Release|Any CPU
		{C73D3CD9-46DE-479D-A1D7-B58E6CA03C2F}.Release|Any CPU.Build.0 = Release|Any CPU
	EndGlobalSection
	GlobalSection(SolutionProperties) = preSolution
		HideSolutionNode = FALSE
	EndGlobalSection
	GlobalSection(ExtensibilityGlobals) = postSolution
		SolutionGuid = {E17B5D27-6428-48A9-8A2B-CEFAB064DF76}
	EndGlobalSection
EndGlobal
